
Microsoft Visual Studio Solution File, Format Version 12.00
# Visual Studio Version 17
VisualStudioVersion = 17.5.33516.290
MinimumVisualStudioVersion = 10.0.40219.1
Project("{9A19103F-16F7-4668-BE54-9A1E7A4F7556}") = "BlackJack", "BlackJack\BlackJack.csproj", "{174E8139-F3B5-4134-A4E1-3637926D6A3E}"
EndProject
Global
	GlobalSection(SolutionConfigurationPlatforms) = preSolution
		Debug|Any CPU = Debug|Any CPU
		Release|Any CPU = Release|Any CPU
	EndGlobalSection
	GlobalSection(ProjectConfigurationPlatforms) = postSolution
		{174E8139-F3B5-4134-A4E1-3637926D6A3E}.Debug|Any CPU.ActiveCfg = Debug|Any CPU
		{174E8139-F3B5-4134-A4E1-3637926D6A3E}.Debug|Any CPU.Build.0 = Debug|Any CPU
		{174E8139-F3B5-4134-A4E1-3637926D6A3E}.Release|Any CPU.ActiveCfg = Release|Any CPU
		{174E8139-F3B5-4134-A4E1-3637926D6A3E}.Release|Any CPU.Build.0 = Release|Any CPU
	EndGlobalSection
	GlobalSection(SolutionProperties) = preSolution
		HideSolutionNode = FALSE
	EndGlobalSection
	GlobalSection(ExtensibilityGlobals) = postSolution
		SolutionGuid = {7144F161-5175-46A7-AB9F-D1EE8DFC4311}
	EndGlobalSection
EndGlobal
